
Microsoft Visual Studio Solution File, Format Version 12.00
# Visual Studio 14
VisualStudioVersion = 14.0.21901.1
MinimumVisualStudioVersion = 10.0.40219.1
Project("{FAE04EC0-301F-11D3-BF4B-00C04F79EFBC}") = "Randomize", "Randomize\Randomize.csproj", "{FC456B91-C771-43B2-9282-9181F41DB8BC}"
EndProject
Global
	GlobalSection(SolutionConfigurationPlatforms) = preSolution
		Debug|Any CPU = Debug|Any CPU
		Release|Any CPU = Release|Any CPU
	EndGlobalSection
	GlobalSection(ProjectConfigurationPlatforms) = postSolution
		{FC456B91-C771-43B2-9282-9181F41DB8BC}.Debug|Any CPU.ActiveCfg = Debug|Any CPU
		{FC456B91-C771-43B2-9282-9181F41DB8BC}.Debug|Any CPU.Build.0 = Debug|Any CPU
		{FC456B91-C771-43B2-9282-9181F41DB8BC}.Release|Any CPU.ActiveCfg = Release|Any CPU
		{FC456B91-C771-43B2-9282-9181F41DB8BC}.Release|Any CPU.Build.0 = Release|Any CPU
	EndGlobalSection
	GlobalSection(SolutionProperties) = preSolution
		HideSolutionNode = FALSE
	EndGlobalSection
EndGlobal
